<Solution>
  <Folder Name="/src/">
    <Project Path="src/CompanyOps.Api/CompanyOps.Api.csproj" />
    <Project Path="src/CompanyOps.Application/CompanyOps.Application.csproj" />
    <Project Path="src/CompanyOps.Domain/CompanyOps.Domain.csproj" />
    <Project Path="src/CompanyOps.Infrastructure/CompanyOps.Infrastructure.csproj" />
  </Folder>
</Solution>
